
Microsoft Visual Studio Solution File, Format Version 12.00
# Visual Studio 2013
VisualStudioVersion = 12.0.21005.1
MinimumVisualStudioVersion = 10.0.40219.1
Project("{FAE04EC0-301F-11D3-BF4B-00C04F79EFBC}") = "InterfaceExample1", "InterfaceExample1\InterfaceExample1.csproj", "{27B3E7DA-17F1-444C-84C2-DF1591E34027}"
EndProject
Global
	GlobalSection(SolutionConfigurationPlatforms) = preSolution
		Debug|Any CPU = Debug|Any CPU
		Release|Any CPU = Release|Any CPU
	EndGlobalSection
	GlobalSection(ProjectConfigurationPlatforms) = postSolution
		{27B3E7DA-17F1-444C-84C2-DF1591E34027}.Debug|Any CPU.ActiveCfg = Debug|Any CPU
		{27B3E7DA-17F1-444C-84C2-DF1591E34027}.Debug|Any CPU.Build.0 = Debug|Any CPU
		{27B3E7DA-17F1-444C-84C2-DF1591E34027}.Release|Any CPU.ActiveCfg = Release|Any CPU
		{27B3E7DA-17F1-444C-84C2-DF1591E34027}.Release|Any CPU.Build.0 = Release|Any CPU
	EndGlobalSection
	GlobalSection(SolutionProperties) = preSolution
		HideSolutionNode = FALSE
	EndGlobalSection
EndGlobal
